
Microsoft Visual Studio Solution File, Format Version 12.00
# Visual Studio Version 17
VisualStudioVersion = 17.11.35312.102
MinimumVisualStudioVersion = 10.0.40219.1
Project("{FAE04EC0-301F-11D3-BF4B-00C04F79EFBC}") = "EDD2_MVC_Cursos", "EDD2_MVC_Cursos\EDD2_MVC_Cursos.csproj", "{815E77DE-E875-4D65-8401-989030CCAC47}"
EndProject
Global
	GlobalSection(SolutionConfigurationPlatforms) = preSolution
		Debug|Any CPU = Debug|Any CPU
		Release|Any CPU = Release|Any CPU
	EndGlobalSection
	GlobalSection(ProjectConfigurationPlatforms) = postSolution
		{815E77DE-E875-4D65-8401-989030CCAC47}.Debug|Any CPU.ActiveCfg = Debug|Any CPU
		{815E77DE-E875-4D65-8401-989030CCAC47}.Debug|Any CPU.Build.0 = Debug|Any CPU
		{815E77DE-E875-4D65-8401-989030CCAC47}.Release|Any CPU.ActiveCfg = Release|Any CPU
		{815E77DE-E875-4D65-8401-989030CCAC47}.Release|Any CPU.Build.0 = Release|Any CPU
	EndGlobalSection
	GlobalSection(SolutionProperties) = preSolution
		HideSolutionNode = FALSE
	EndGlobalSection
	GlobalSection(ExtensibilityGlobals) = postSolution
		SolutionGuid = {73CBB279-EC5B-42A9-8748-F0A6E6D9B692}
	EndGlobalSection
EndGlobal
